
Microsoft Visual Studio Solution File, Format Version 12.00
# Visual Studio Version 16
VisualStudioVersion = 16.0.31424.327
MinimumVisualStudioVersion = 10.0.40219.1
Project("{FAE04EC0-301F-11D3-BF4B-00C04F79EFBC}") = "HiTrader.WebApi", "HiTrader.WebApi\HiTrader.WebApi.csproj", "{4D065E1C-97C7-42EC-948C-DEC916B13783}"
EndProject
Project("{FAE04EC0-301F-11D3-BF4B-00C04F79EFBC}") = "HiTrader.WebAPi.UnitTests", "HiTrader.WebAPi.UnitTests\HiTrader.WebAPi.UnitTests.csproj", "{48CF5113-8DFE-4455-B74F-B8A70D9157E6}"
EndProject
Global
	GlobalSection(SolutionConfigurationPlatforms) = preSolution
		Debug|Any CPU = Debug|Any CPU
		Release|Any CPU = Release|Any CPU
	EndGlobalSection
	GlobalSection(ProjectConfigurationPlatforms) = postSolution
		{4D065E1C-97C7-42EC-948C-DEC916B13783}.Debug|Any CPU.ActiveCfg = Debug|Any CPU
		{4D065E1C-97C7-42EC-948C-DEC916B13783}.Debug|Any CPU.Build.0 = Debug|Any CPU
		{4D065E1C-97C7-42EC-948C-DEC916B13783}.Release|Any CPU.ActiveCfg = Release|Any CPU
		{4D065E1C-97C7-42EC-948C-DEC916B13783}.Release|Any CPU.Build.0 = Release|Any CPU
		{48CF5113-8DFE-4455-B74F-B8A70D9157E6}.Debug|Any CPU.ActiveCfg = Debug|Any CPU
		{48CF5113-8DFE-4455-B74F-B8A70D9157E6}.Debug|Any CPU.Build.0 = Debug|Any CPU
		{48CF5113-8DFE-4455-B74F-B8A70D9157E6}.Release|Any CPU.ActiveCfg = Release|Any CPU
		{48CF5113-8DFE-4455-B74F-B8A70D9157E6}.Release|Any CPU.Build.0 = Release|Any CPU
	EndGlobalSection
	GlobalSection(SolutionProperties) = preSolution
		HideSolutionNode = FALSE
	EndGlobalSection
	GlobalSection(ExtensibilityGlobals) = postSolution
		SolutionGuid = {FAEABF2F-7C50-4D36-A5D1-EB0CEBB07EAA}
	EndGlobalSection
EndGlobal
